
Microsoft Visual Studio Solution File, Format Version 12.00
# Visual Studio 15
VisualStudioVersion = 15.0.28010.2036
MinimumVisualStudioVersion = 10.0.40219.1
Project("{2150E333-8FDC-42A3-9474-1A3956D46DE8}") = "src", "src", "{3D580F7B-3E84-4400-AB64-362F77CDD1BE}"
EndProject
Project("{9A19103F-16F7-4668-BE54-9A1E7A4F7556}") = "Serko.Expense.ApplicationCore", "src\Serko.Expense.ApplicationCore\Serko.Expense.ApplicationCore.csproj", "{BADCDDC0-9F2E-49B2-9D55-CB73121DB655}"
EndProject
Project("{9A19103F-16F7-4668-BE54-9A1E7A4F7556}") = "Serko.Expense.WebApi", "src\Serko.Expense.WebApi\Serko.Expense.WebApi.csproj", "{8B7CBD8A-6827-43F8-BCB0-1FE8A05EA768}"
EndProject
Project("{2150E333-8FDC-42A3-9474-1A3956D46DE8}") = "tests", "tests", "{EEA84EDC-A8BB-4F33-BB6A-73B3E1AD6CE0}"
EndProject
Project("{9A19103F-16F7-4668-BE54-9A1E7A4F7556}") = "Serko.Expense.UnitTests", "tests\Serko.Expense.UnitTests\Serko.Expense.UnitTests.csproj", "{596C69C8-1B71-4992-857D-09B7A6FA9814}"
EndProject
Project("{9A19103F-16F7-4668-BE54-9A1E7A4F7556}") = "Serko.Expense.FunctionalTests", "tests\Serko.Expense.FunctionalTests\Serko.Expense.FunctionalTests.csproj", "{B4B8D2F5-CC46-4839-9174-ABFF74EC7EFD}"
EndProject
Project("{9A19103F-16F7-4668-BE54-9A1E7A4F7556}") = "Serko.Expense.TestHelper", "tests\Serko.Expense.TestHelper\Serko.Expense.TestHelper.csproj", "{D7100AF7-1D3D-4FF6-AB9D-0A766A03BF03}"
EndProject
Project("{FAE04EC0-301F-11D3-BF4B-00C04F79EFBC}") = "Serko.Expense.Infrastructure", "src\Serko.Expense.Infrastructure\Serko.Expense.Infrastructure.csproj", "{42AFB11B-0926-47A0-ACC1-B0AE817FFEA0}"
EndProject
Global
	GlobalSection(SolutionConfigurationPlatforms) = preSolution
		Debug|Any CPU = Debug|Any CPU
		Release|Any CPU = Release|Any CPU
	EndGlobalSection
	GlobalSection(ProjectConfigurationPlatforms) = postSolution
		{BADCDDC0-9F2E-49B2-9D55-CB73121DB655}.Debug|Any CPU.ActiveCfg = Debug|Any CPU
		{BADCDDC0-9F2E-49B2-9D55-CB73121DB655}.Debug|Any CPU.Build.0 = Debug|Any CPU
		{BADCDDC0-9F2E-49B2-9D55-CB73121DB655}.Release|Any CPU.ActiveCfg = Release|Any CPU
		{BADCDDC0-9F2E-49B2-9D55-CB73121DB655}.Release|Any CPU.Build.0 = Release|Any CPU
		{8B7CBD8A-6827-43F8-BCB0-1FE8A05EA768}.Debug|Any CPU.ActiveCfg = Debug|Any CPU
		{8B7CBD8A-6827-43F8-BCB0-1FE8A05EA768}.Debug|Any CPU.Build.0 = Debug|Any CPU
		{8B7CBD8A-6827-43F8-BCB0-1FE8A05EA768}.Release|Any CPU.ActiveCfg = Release|Any CPU
		{8B7CBD8A-6827-43F8-BCB0-1FE8A05EA768}.Release|Any CPU.Build.0 = Release|Any CPU
		{596C69C8-1B71-4992-857D-09B7A6FA9814}.Debug|Any CPU.ActiveCfg = Debug|Any CPU
		{596C69C8-1B71-4992-857D-09B7A6FA9814}.Debug|Any CPU.Build.0 = Debug|Any CPU
		{596C69C8-1B71-4992-857D-09B7A6FA9814}.Release|Any CPU.ActiveCfg = Release|Any CPU
		{596C69C8-1B71-4992-857D-09B7A6FA9814}.Release|Any CPU.Build.0 = Release|Any CPU
		{B4B8D2F5-CC46-4839-9174-ABFF74EC7EFD}.Debug|Any CPU.ActiveCfg = Debug|Any CPU
		{B4B8D2F5-CC46-4839-9174-ABFF74EC7EFD}.Debug|Any CPU.Build.0 = Debug|Any CPU
		{B4B8D2F5-CC46-4839-9174-ABFF74EC7EFD}.Release|Any CPU.ActiveCfg = Release|Any CPU
		{B4B8D2F5-CC46-4839-9174-ABFF74EC7EFD}.Release|Any CPU.Build.0 = Release|Any CPU
		{D7100AF7-1D3D-4FF6-AB9D-0A766A03BF03}.Debug|Any CPU.ActiveCfg = Debug|Any CPU
		{D7100AF7-1D3D-4FF6-AB9D-0A766A03BF03}.Debug|Any CPU.Build.0 = Debug|Any CPU
		{D7100AF7-1D3D-4FF6-AB9D-0A766A03BF03}.Release|Any CPU.ActiveCfg = Release|Any CPU
		{D7100AF7-1D3D-4FF6-AB9D-0A766A03BF03}.Release|Any CPU.Build.0 = Release|Any CPU
		{42AFB11B-0926-47A0-ACC1-B0AE817FFEA0}.Debug|Any CPU.ActiveCfg = Debug|Any CPU
		{42AFB11B-0926-47A0-ACC1-B0AE817FFEA0}.Debug|Any CPU.Build.0 = Debug|Any CPU
		{42AFB11B-0926-47A0-ACC1-B0AE817FFEA0}.Release|Any CPU.ActiveCfg = Release|Any CPU
		{42AFB11B-0926-47A0-ACC1-B0AE817FFEA0}.Release|Any CPU.Build.0 = Release|Any CPU
	EndGlobalSection
	GlobalSection(SolutionProperties) = preSolution
		HideSolutionNode = FALSE
	EndGlobalSection
	GlobalSection(NestedProjects) = preSolution
		{BADCDDC0-9F2E-49B2-9D55-CB73121DB655} = {3D580F7B-3E84-4400-AB64-362F77CDD1BE}
		{8B7CBD8A-6827-43F8-BCB0-1FE8A05EA768} = {3D580F7B-3E84-4400-AB64-362F77CDD1BE}
		{596C69C8-1B71-4992-857D-09B7A6FA9814} = {EEA84EDC-A8BB-4F33-BB6A-73B3E1AD6CE0}
		{B4B8D2F5-CC46-4839-9174-ABFF74EC7EFD} = {EEA84EDC-A8BB-4F33-BB6A-73B3E1AD6CE0}
		{D7100AF7-1D3D-4FF6-AB9D-0A766A03BF03} = {EEA84EDC-A8BB-4F33-BB6A-73B3E1AD6CE0}
		{42AFB11B-0926-47A0-ACC1-B0AE817FFEA0} = {3D580F7B-3E84-4400-AB64-362F77CDD1BE}
	EndGlobalSection
	GlobalSection(ExtensibilityGlobals) = postSolution
		SolutionGuid = {04856D2D-4F5E-428C-A4D4-BC40DFE66ADC}
	EndGlobalSection
EndGlobal
